{
  "version": 4,
  "terraform_version": "1.5.7",
  "serial": 24,
  "lineage": "977d648d-bd1d-b2a9-347e-10cd34b86ac2",
  "outputs": {},
  "resources": [
    {
      "module": "module.aws",
      "mode": "managed",
      "type": "aws_dynamodb_table",
      "name": "message",
      "provider": "module.aws.provider[\"registry.terraform.io/hashicorp/aws\"]",
      "instances": [
        {
          "schema_version": 1,
          "attributes": {
            "arn": "arn:aws:dynamodb:us-west-2:894794456443:table/depot-dev-message",
            "attribute": [
              {
                "name": "id",
                "type": "N"
              },
              {
                "name": "tenantId",
                "type": "S"
              }
            ],
            "billing_mode": "PAY_PER_REQUEST",
            "deletion_protection_enabled": false,
            "global_secondary_index": [],
            "hash_key": "tenantId",
            "id": "depot-dev-message",
            "import_table": [],
            "local_secondary_index": [],
            "name": "depot-dev-message",
            "point_in_time_recovery": [
              {
                "enabled": false
              }
            ],
            "range_key": "id",
            "read_capacity": 0,
            "replica": [],
            "restore_date_time": null,
            "restore_source_name": null,
            "restore_to_latest_time": null,
            "server_side_encryption": [],
            "stream_arn": "",
            "stream_enabled": false,
            "stream_label": "",
            "stream_view_type": "",
            "table_class": "STANDARD",
            "tags": {},
            "tags_all": {},
            "timeouts": null,
            "ttl": [
              {
                "attribute_name": "",
                "enabled": false
              }
            ],
            "write_capacity": 0
          },
          "sensitive_attributes": [],
          "private": "eyJlMmJmYjczMC1lY2FhLTExZTYtOGY4OC0zNDM2M2JjN2M0YzAiOnsiY3JlYXRlIjoxODAwMDAwMDAwMDAwLCJkZWxldGUiOjYwMDAwMDAwMDAwMCwidXBkYXRlIjozNjAwMDAwMDAwMDAwfSwic2NoZW1hX3ZlcnNpb24iOiIxIn0="
        }
      ]
    },
    {
      "module": "module.aws",
      "mode": "managed",
      "type": "aws_dynamodb_table",
      "name": "widget",
      "provider": "module.aws.provider[\"registry.terraform.io/hashicorp/aws\"]",
      "instances": [
        {
          "schema_version": 1,
          "attributes": {
            "arn": "arn:aws:dynamodb:us-west-2:894794456443:table/depot-dev-widget",
            "attribute": [
              {
                "name": "category",
                "type": "S"
              },
              {
                "name": "createdAt",
                "type": "S"
              },
              {
                "name": "expiration",
                "type": "S"
              },
              {
                "name": "expirationPartition",
                "type": "N"
              },
              {
                "name": "id",
                "type": "S"
              },
              {
                "name": "name",
                "type": "S"
              },
              {
                "name": "tenantId",
                "type": "S"
              }
            ],
            "billing_mode": "PAY_PER_REQUEST",
            "deletion_protection_enabled": false,
            "global_secondary_index": [
              {
                "hash_key": "expirationPartition",
                "name": "expired",
                "non_key_attributes": [],
                "projection_type": "ALL",
                "range_key": "expiration",
                "read_capacity": 0,
                "write_capacity": 0
              },
              {
                "hash_key": "tenantId",
                "name": "category",
                "non_key_attributes": [],
                "projection_type": "ALL",
                "range_key": "category",
                "read_capacity": 0,
                "write_capacity": 0
              },
              {
                "hash_key": "tenantId",
                "name": "created",
                "non_key_attributes": [],
                "projection_type": "ALL",
                "range_key": "createdAt",
                "read_capacity": 0,
                "write_capacity": 0
              },
              {
                "hash_key": "tenantId",
                "name": "named",
                "non_key_attributes": [],
                "projection_type": "ALL",
                "range_key": "name",
                "read_capacity": 0,
                "write_capacity": 0
              }
            ],
            "hash_key": "tenantId",
            "id": "depot-dev-widget",
            "import_table": [],
            "local_secondary_index": [],
            "name": "depot-dev-widget",
            "point_in_time_recovery": [
              {
                "enabled": false
              }
            ],
            "range_key": "id",
            "read_capacity": 0,
            "replica": [],
            "restore_date_time": null,
            "restore_source_name": null,
            "restore_to_latest_time": null,
            "server_side_encryption": [],
            "stream_arn": "",
            "stream_enabled": false,
            "stream_label": "",
            "stream_view_type": "",
            "table_class": "STANDARD",
            "tags": {},
            "tags_all": {},
            "timeouts": null,
            "ttl": [
              {
                "attribute_name": "",
                "enabled": false
              }
            ],
            "write_capacity": 0
          },
          "sensitive_attributes": [],
          "private": "eyJlMmJmYjczMC1lY2FhLTExZTYtOGY4OC0zNDM2M2JjN2M0YzAiOnsiY3JlYXRlIjoxODAwMDAwMDAwMDAwLCJkZWxldGUiOjYwMDAwMDAwMDAwMCwidXBkYXRlIjozNjAwMDAwMDAwMDAwfSwic2NoZW1hX3ZlcnNpb24iOiIxIn0="
        }
      ]
    },
    {
      "module": "module.gcp",
      "mode": "managed",
      "type": "google_datastore_index",
      "name": "category",
      "provider": "module.gcp.provider[\"registry.terraform.io/hashicorp/google\"]",
      "instances": [
        {
          "schema_version": 0,
          "attributes": {
            "ancestor": "NONE",
            "id": "projects/ringed-bond-403818/indexes/CICAgJiUpoMK",
            "index_id": "CICAgJiUpoMK",
            "kind": "depot-dev-widget",
            "project": "ringed-bond-403818",
            "properties": [
              {
                "direction": "ASCENDING",
                "name": "tenantId"
              },
              {
                "direction": "ASCENDING",
                "name": "category"
              }
            ],
            "timeouts": null
          },
          "sensitive_attributes": [],
          "private": "eyJlMmJmYjczMC1lY2FhLTExZTYtOGY4OC0zNDM2M2JjN2M0YzAiOnsiY3JlYXRlIjoxMjAwMDAwMDAwMDAwLCJkZWxldGUiOjEyMDAwMDAwMDAwMDB9fQ=="
        }
      ]
    },
    {
      "module": "module.gcp",
      "mode": "managed",
      "type": "google_datastore_index",
      "name": "created",
      "provider": "module.gcp.provider[\"registry.terraform.io/hashicorp/google\"]",
      "instances": [
        {
          "schema_version": 0,
          "attributes": {
            "ancestor": "NONE",
            "id": "projects/ringed-bond-403818/indexes/CICAgJj7z4EK",
            "index_id": "CICAgJj7z4EK",
            "kind": "depot-dev-widget",
            "project": "ringed-bond-403818",
            "properties": [
              {
                "direction": "ASCENDING",
                "name": "tenantId"
              },
              {
                "direction": "DESCENDING",
                "name": "createdAt"
              }
            ],
            "timeouts": null
          },
          "sensitive_attributes": [],
          "private": "eyJlMmJmYjczMC1lY2FhLTExZTYtOGY4OC0zNDM2M2JjN2M0YzAiOnsiY3JlYXRlIjoxMjAwMDAwMDAwMDAwLCJkZWxldGUiOjEyMDAwMDAwMDAwMDB9fQ=="
        }
      ]
    },
    {
      "module": "module.gcp",
      "mode": "managed",
      "type": "google_datastore_index",
      "name": "expired",
      "provider": "module.gcp.provider[\"registry.terraform.io/hashicorp/google\"]",
      "instances": [
        {
          "schema_version": 0,
          "attributes": {
            "ancestor": "NONE",
            "id": "projects/ringed-bond-403818/indexes/CICAgJjF9oIL",
            "index_id": "CICAgJjF9oIL",
            "kind": "depot-dev-widget",
            "project": "ringed-bond-403818",
            "properties": [
              {
                "direction": "ASCENDING",
                "name": "expirationPartition"
              },
              {
                "direction": "ASCENDING",
                "name": "expiration"
              }
            ],
            "timeouts": null
          },
          "sensitive_attributes": [],
          "private": "eyJlMmJmYjczMC1lY2FhLTExZTYtOGY4OC0zNDM2M2JjN2M0YzAiOnsiY3JlYXRlIjoxMjAwMDAwMDAwMDAwLCJkZWxldGUiOjEyMDAwMDAwMDAwMDB9fQ=="
        }
      ]
    },
    {
      "module": "module.gcp",
      "mode": "managed",
      "type": "google_datastore_index",
      "name": "message",
      "provider": "module.gcp.provider[\"registry.terraform.io/hashicorp/google\"]",
      "instances": [
        {
          "schema_version": 0,
          "attributes": {
            "ancestor": "NONE",
            "id": "projects/ringed-bond-403818/indexes/CICAgJiUsZIK",
            "index_id": "CICAgJiUsZIK",
            "kind": "depot-dev-message",
            "project": "ringed-bond-403818",
            "properties": [
              {
                "direction": "ASCENDING",
                "name": "tenantId"
              },
              {
                "direction": "DESCENDING",
                "name": "id"
              }
            ],
            "timeouts": null
          },
          "sensitive_attributes": [],
          "private": "eyJlMmJmYjczMC1lY2FhLTExZTYtOGY4OC0zNDM2M2JjN2M0YzAiOnsiY3JlYXRlIjoxMjAwMDAwMDAwMDAwLCJkZWxldGUiOjEyMDAwMDAwMDAwMDB9fQ=="
        }
      ]
    },
    {
      "module": "module.gcp",
      "mode": "managed",
      "type": "google_datastore_index",
      "name": "named",
      "provider": "module.gcp.provider[\"registry.terraform.io/hashicorp/google\"]",
      "instances": [
        {
          "schema_version": 0,
          "attributes": {
            "ancestor": "NONE",
            "id": "projects/ringed-bond-403818/indexes/CICAgNi47oMK",
            "index_id": "CICAgNi47oMK",
            "kind": "depot-dev-widget",
            "project": "ringed-bond-403818",
            "properties": [
              {
                "direction": "ASCENDING",
                "name": "tenantId"
              },
              {
                "direction": "ASCENDING",
                "name": "name"
              },
              {
                "direction": "ASCENDING",
                "name": "expiration"
              }
            ],
            "timeouts": null
          },
          "sensitive_attributes": [],
          "private": "eyJlMmJmYjczMC1lY2FhLTExZTYtOGY4OC0zNDM2M2JjN2M0YzAiOnsiY3JlYXRlIjoxMjAwMDAwMDAwMDAwLCJkZWxldGUiOjEyMDAwMDAwMDAwMDB9fQ=="
        }
      ]
    }
  ],
  "check_results": null
}
