{
  "version": 4,
  "terraform_version": "1.5.7",
  "serial": 32,
  "lineage": "ee6efeb5-6796-d348-7a41-617ee9950154",
  "outputs": {},
  "resources": [
    {
      "module": "module.firestore",
      "mode": "managed",
      "type": "google_firestore_database",
      "name": "database",
      "provider": "module.firestore.provider[\"registry.terraform.io/hashicorp/google\"]",
      "instances": [
        {
          "schema_version": 0,
          "attributes": {
            "app_engine_integration_mode": "DISABLED",
            "concurrency_mode": "PESSIMISTIC",
            "create_time": "",
            "delete_protection_state": "DELETE_PROTECTION_DISABLED",
            "deletion_policy": "DELETE",
            "earliest_version_time": "2024-07-30T03:01:07.251013Z",
            "etag": "II2izsTuzYcDMKvM4onjzYcD",
            "id": "projects/lucky-function-431002-m4/databases/(default)",
            "key_prefix": "",
            "location_id": "us-west1",
            "name": "(default)",
            "point_in_time_recovery_enablement": "POINT_IN_TIME_RECOVERY_DISABLED",
            "project": "lucky-function-431002-m4",
            "timeouts": null,
            "type": "FIRESTORE_NATIVE",
            "uid": "98349078-0443-4bac-b5dd-9bfd602e284c",
            "update_time": "",
            "version_retention_period": "3600s"
          },
          "sensitive_attributes": [],
          "private": "eyJlMmJmYjczMC1lY2FhLTExZTYtOGY4OC0zNDM2M2JjN2M0YzAiOnsiY3JlYXRlIjoxMjAwMDAwMDAwMDAwLCJkZWxldGUiOjEyMDAwMDAwMDAwMDAsInVwZGF0ZSI6MTIwMDAwMDAwMDAwMH19"
        }
      ]
    },
    {
      "module": "module.firestore",
      "mode": "managed",
      "type": "google_firestore_index",
      "name": "category",
      "provider": "module.firestore.provider[\"registry.terraform.io/hashicorp/google\"]",
      "instances": [
        {
          "schema_version": 0,
          "attributes": {
            "api_scope": "ANY_API",
            "collection": "depot-dev-widget",
            "database": "(default)",
            "fields": [
              {
                "array_config": "",
                "field_path": "tenantId",
                "order": "ASCENDING",
                "vector_config": []
              },
              {
                "array_config": "",
                "field_path": "category",
                "order": "ASCENDING",
                "vector_config": []
              },
              {
                "array_config": "",
                "field_path": "__name__",
                "order": "ASCENDING",
                "vector_config": []
              }
            ],
            "id": "projects/lucky-function-431002-m4/databases/(default)/collectionGroups/depot-dev-widget/indexes/CICAgJim14AK",
            "name": "projects/lucky-function-431002-m4/databases/(default)/collectionGroups/depot-dev-widget/indexes/CICAgJim14AK",
            "project": "lucky-function-431002-m4",
            "query_scope": "COLLECTION",
            "timeouts": null
          },
          "sensitive_attributes": [],
          "private": "eyJlMmJmYjczMC1lY2FhLTExZTYtOGY4OC0zNDM2M2JjN2M0YzAiOnsiY3JlYXRlIjoxMjAwMDAwMDAwMDAwLCJkZWxldGUiOjEyMDAwMDAwMDAwMDB9fQ==",
          "dependencies": [
            "module.firestore.google_firestore_database.database"
          ]
        }
      ]
    },
    {
      "module": "module.firestore",
      "mode": "managed",
      "type": "google_firestore_index",
      "name": "created",
      "provider": "module.firestore.provider[\"registry.terraform.io/hashicorp/google\"]",
      "instances": [
        {
          "schema_version": 0,
          "attributes": {
            "api_scope": "ANY_API",
            "collection": "depot-dev-widget",
            "database": "(default)",
            "fields": [
              {
                "array_config": "",
                "field_path": "tenantId",
                "order": "ASCENDING",
                "vector_config": []
              },
              {
                "array_config": "",
                "field_path": "createdAt",
                "order": "DESCENDING",
                "vector_config": []
              },
              {
                "array_config": "",
                "field_path": "__name__",
                "order": "DESCENDING",
                "vector_config": []
              }
            ],
            "id": "projects/lucky-function-431002-m4/databases/(default)/collectionGroups/depot-dev-widget/indexes/CICAgJjF9oIK",
            "name": "projects/lucky-function-431002-m4/databases/(default)/collectionGroups/depot-dev-widget/indexes/CICAgJjF9oIK",
            "project": "lucky-function-431002-m4",
            "query_scope": "COLLECTION",
            "timeouts": null
          },
          "sensitive_attributes": [],
          "private": "eyJlMmJmYjczMC1lY2FhLTExZTYtOGY4OC0zNDM2M2JjN2M0YzAiOnsiY3JlYXRlIjoxMjAwMDAwMDAwMDAwLCJkZWxldGUiOjEyMDAwMDAwMDAwMDB9fQ==",
          "dependencies": [
            "module.firestore.google_firestore_database.database"
          ]
        }
      ]
    },
    {
      "module": "module.firestore",
      "mode": "managed",
      "type": "google_firestore_index",
      "name": "expired",
      "provider": "module.firestore.provider[\"registry.terraform.io/hashicorp/google\"]",
      "instances": [
        {
          "schema_version": 0,
          "attributes": {
            "api_scope": "ANY_API",
            "collection": "depot-dev-widget",
            "database": "(default)",
            "fields": [
              {
                "array_config": "",
                "field_path": "expirationPartition",
                "order": "ASCENDING",
                "vector_config": []
              },
              {
                "array_config": "",
                "field_path": "expiration",
                "order": "ASCENDING",
                "vector_config": []
              },
              {
                "array_config": "",
                "field_path": "__name__",
                "order": "ASCENDING",
                "vector_config": []
              }
            ],
            "id": "projects/lucky-function-431002-m4/databases/(default)/collectionGroups/depot-dev-widget/indexes/CICAgJiUpoMK",
            "name": "projects/lucky-function-431002-m4/databases/(default)/collectionGroups/depot-dev-widget/indexes/CICAgJiUpoMK",
            "project": "lucky-function-431002-m4",
            "query_scope": "COLLECTION",
            "timeouts": null
          },
          "sensitive_attributes": [],
          "private": "eyJlMmJmYjczMC1lY2FhLTExZTYtOGY4OC0zNDM2M2JjN2M0YzAiOnsiY3JlYXRlIjoxMjAwMDAwMDAwMDAwLCJkZWxldGUiOjEyMDAwMDAwMDAwMDB9fQ==",
          "dependencies": [
            "module.firestore.google_firestore_database.database"
          ]
        }
      ]
    },
    {
      "module": "module.firestore",
      "mode": "managed",
      "type": "google_firestore_index",
      "name": "message",
      "provider": "module.firestore.provider[\"registry.terraform.io/hashicorp/google\"]",
      "instances": [
        {
          "schema_version": 0,
          "attributes": {
            "api_scope": "ANY_API",
            "collection": "depot-dev-message",
            "database": "(default)",
            "fields": [
              {
                "array_config": "",
                "field_path": "tenantId",
                "order": "ASCENDING",
                "vector_config": []
              },
              {
                "array_config": "",
                "field_path": "id",
                "order": "DESCENDING",
                "vector_config": []
              },
              {
                "array_config": "",
                "field_path": "__name__",
                "order": "DESCENDING",
                "vector_config": []
              }
            ],
            "id": "projects/lucky-function-431002-m4/databases/(default)/collectionGroups/depot-dev-message/indexes/CICAgOjXh4EK",
            "name": "projects/lucky-function-431002-m4/databases/(default)/collectionGroups/depot-dev-message/indexes/CICAgOjXh4EK",
            "project": "lucky-function-431002-m4",
            "query_scope": "COLLECTION",
            "timeouts": null
          },
          "sensitive_attributes": [],
          "private": "eyJlMmJmYjczMC1lY2FhLTExZTYtOGY4OC0zNDM2M2JjN2M0YzAiOnsiY3JlYXRlIjoxMjAwMDAwMDAwMDAwLCJkZWxldGUiOjEyMDAwMDAwMDAwMDB9fQ==",
          "dependencies": [
            "module.firestore.google_firestore_database.database"
          ]
        }
      ]
    },
    {
      "module": "module.firestore",
      "mode": "managed",
      "type": "google_firestore_index",
      "name": "named",
      "provider": "module.firestore.provider[\"registry.terraform.io/hashicorp/google\"]",
      "instances": [
        {
          "schema_version": 0,
          "attributes": {
            "api_scope": "ANY_API",
            "collection": "depot-dev-widget",
            "database": "(default)",
            "fields": [
              {
                "array_config": "",
                "field_path": "tenantId",
                "order": "ASCENDING",
                "vector_config": []
              },
              {
                "array_config": "",
                "field_path": "name",
                "order": "ASCENDING",
                "vector_config": []
              },
              {
                "array_config": "",
                "field_path": "expiration",
                "order": "ASCENDING",
                "vector_config": []
              },
              {
                "array_config": "",
                "field_path": "__name__",
                "order": "ASCENDING",
                "vector_config": []
              }
            ],
            "id": "projects/lucky-function-431002-m4/databases/(default)/collectionGroups/depot-dev-widget/indexes/CICAgNi47oMK",
            "name": "projects/lucky-function-431002-m4/databases/(default)/collectionGroups/depot-dev-widget/indexes/CICAgNi47oMK",
            "project": "lucky-function-431002-m4",
            "query_scope": "COLLECTION",
            "timeouts": null
          },
          "sensitive_attributes": [],
          "private": "eyJlMmJmYjczMC1lY2FhLTExZTYtOGY4OC0zNDM2M2JjN2M0YzAiOnsiY3JlYXRlIjoxMjAwMDAwMDAwMDAwLCJkZWxldGUiOjEyMDAwMDAwMDAwMDB9fQ==",
          "dependencies": [
            "module.firestore.google_firestore_database.database"
          ]
        }
      ]
    }
  ],
  "check_results": null
}
